
Microsoft Visual Studio Solution File, Format Version 12.00
# Visual Studio Version 17
VisualStudioVersion = 17.0.31903.59
MinimumVisualStudioVersion = 10.0.40219.1
Project("{2150E333-8FDC-42A3-9474-1A3956D46DE8}") = "src", "src", "{287FCFDD-6E8E-4E42-ABE8-BC9A2F6531A2}"
EndProject
Project("{F2A71F9B-5D33-465A-A702-920D77279786}") = "Solutions", "src\Solutions\Solutions.fsproj", "{EC941FB3-2179-4197-8744-9EFFBFD0E880}"
EndProject
Project("{F2A71F9B-5D33-465A-A702-920D77279786}") = "RayTracer", "src\RayTracer\RayTracer.fsproj", "{FAC25871-4463-4F69-BA15-6245EC98CBFB}"
EndProject
Project("{F2A71F9B-5D33-465A-A702-920D77279786}") = "Physics", "src\Physics\Physics.fsproj", "{1408FA12-798B-4D82-B7F2-9E367029157B}"
EndProject
Project("{F2A71F9B-5D33-465A-A702-920D77279786}") = "Pixie", "src\Pixie\Pixie.fsproj", "{A4FBAC2F-7177-4449-8A38-3DF1C3E949FB}"
EndProject
Project("{FAE04EC0-301F-11D3-BF4B-00C04F79EFBC}") = "RandomStuff", "src\RandomStuff\RandomStuff.csproj", "{0EB8FF59-1056-4D5C-9989-203706BA280A}"
EndProject
Project("{F2A71F9B-5D33-465A-A702-920D77279786}") = "GameOfLife", "src\GameOfLife\GameOfLife.fsproj", "{2B0FB638-CE69-4DB3-9BE0-14671038A2BC}"
EndProject
Global
	GlobalSection(SolutionConfigurationPlatforms) = preSolution
		Debug|Any CPU = Debug|Any CPU
		Release|Any CPU = Release|Any CPU
	EndGlobalSection
	GlobalSection(SolutionProperties) = preSolution
		HideSolutionNode = FALSE
	EndGlobalSection
	GlobalSection(ProjectConfigurationPlatforms) = postSolution
		{EC941FB3-2179-4197-8744-9EFFBFD0E880}.Debug|Any CPU.ActiveCfg = Debug|Any CPU
		{EC941FB3-2179-4197-8744-9EFFBFD0E880}.Debug|Any CPU.Build.0 = Debug|Any CPU
		{EC941FB3-2179-4197-8744-9EFFBFD0E880}.Release|Any CPU.ActiveCfg = Release|Any CPU
		{EC941FB3-2179-4197-8744-9EFFBFD0E880}.Release|Any CPU.Build.0 = Release|Any CPU
		{FAC25871-4463-4F69-BA15-6245EC98CBFB}.Debug|Any CPU.ActiveCfg = Debug|Any CPU
		{FAC25871-4463-4F69-BA15-6245EC98CBFB}.Debug|Any CPU.Build.0 = Debug|Any CPU
		{FAC25871-4463-4F69-BA15-6245EC98CBFB}.Release|Any CPU.ActiveCfg = Release|Any CPU
		{FAC25871-4463-4F69-BA15-6245EC98CBFB}.Release|Any CPU.Build.0 = Release|Any CPU
		{1408FA12-798B-4D82-B7F2-9E367029157B}.Debug|Any CPU.ActiveCfg = Debug|Any CPU
		{1408FA12-798B-4D82-B7F2-9E367029157B}.Debug|Any CPU.Build.0 = Debug|Any CPU
		{1408FA12-798B-4D82-B7F2-9E367029157B}.Release|Any CPU.ActiveCfg = Release|Any CPU
		{1408FA12-798B-4D82-B7F2-9E367029157B}.Release|Any CPU.Build.0 = Release|Any CPU
		{A4FBAC2F-7177-4449-8A38-3DF1C3E949FB}.Debug|Any CPU.ActiveCfg = Debug|Any CPU
		{A4FBAC2F-7177-4449-8A38-3DF1C3E949FB}.Debug|Any CPU.Build.0 = Debug|Any CPU
		{A4FBAC2F-7177-4449-8A38-3DF1C3E949FB}.Release|Any CPU.ActiveCfg = Release|Any CPU
		{A4FBAC2F-7177-4449-8A38-3DF1C3E949FB}.Release|Any CPU.Build.0 = Release|Any CPU
		{0EB8FF59-1056-4D5C-9989-203706BA280A}.Debug|Any CPU.ActiveCfg = Debug|Any CPU
		{0EB8FF59-1056-4D5C-9989-203706BA280A}.Debug|Any CPU.Build.0 = Debug|Any CPU
		{0EB8FF59-1056-4D5C-9989-203706BA280A}.Release|Any CPU.ActiveCfg = Release|Any CPU
		{0EB8FF59-1056-4D5C-9989-203706BA280A}.Release|Any CPU.Build.0 = Release|Any CPU
		{2B0FB638-CE69-4DB3-9BE0-14671038A2BC}.Debug|Any CPU.ActiveCfg = Debug|Any CPU
		{2B0FB638-CE69-4DB3-9BE0-14671038A2BC}.Debug|Any CPU.Build.0 = Debug|Any CPU
		{2B0FB638-CE69-4DB3-9BE0-14671038A2BC}.Release|Any CPU.ActiveCfg = Release|Any CPU
		{2B0FB638-CE69-4DB3-9BE0-14671038A2BC}.Release|Any CPU.Build.0 = Release|Any CPU
	EndGlobalSection
	GlobalSection(NestedProjects) = preSolution
		{EC941FB3-2179-4197-8744-9EFFBFD0E880} = {287FCFDD-6E8E-4E42-ABE8-BC9A2F6531A2}
		{FAC25871-4463-4F69-BA15-6245EC98CBFB} = {287FCFDD-6E8E-4E42-ABE8-BC9A2F6531A2}
		{1408FA12-798B-4D82-B7F2-9E367029157B} = {287FCFDD-6E8E-4E42-ABE8-BC9A2F6531A2}
		{A4FBAC2F-7177-4449-8A38-3DF1C3E949FB} = {287FCFDD-6E8E-4E42-ABE8-BC9A2F6531A2}
		{0EB8FF59-1056-4D5C-9989-203706BA280A} = {287FCFDD-6E8E-4E42-ABE8-BC9A2F6531A2}
		{2B0FB638-CE69-4DB3-9BE0-14671038A2BC} = {287FCFDD-6E8E-4E42-ABE8-BC9A2F6531A2}
	EndGlobalSection
EndGlobal
